{
  "version": 4,
  "terraform_version": "1.0.2",
  "serial": 11,
  "lineage": "9fab246e-d38d-45f6-6605-b36985559a82",
  "outputs": {},
  "resources": [
    {
      "mode": "managed",
      "type": "aws_vpc",
      "name": "main",
      "provider": "provider[\"registry.terraform.io/hashicorp/aws\"]",
      "instances": [
        {
          "schema_version": 1,
          "attributes": {
            "arn": "arn:aws:ec2:ap-south-1:661996226478:vpc/vpc-0e3d26b28e19b8710",
            "assign_generated_ipv6_cidr_block": false,
            "cidr_block": "10.0.0.0/16",
            "default_network_acl_id": "acl-026984e06078feda1",
            "default_route_table_id": "rtb-0b7595eba522028c9",
            "default_security_group_id": "sg-0023b15734453e8f4",
            "dhcp_options_id": "dopt-073b99e7186524227",
            "enable_classiclink": false,
            "enable_classiclink_dns_support": false,
            "enable_dns_hostnames": false,
            "enable_dns_support": true,
            "id": "vpc-0e3d26b28e19b8710",
            "instance_tenancy": "default",
            "ipv4_ipam_pool_id": null,
            "ipv4_netmask_length": null,
            "ipv6_association_id": "",
            "ipv6_cidr_block": "",
            "ipv6_cidr_block_network_border_group": "",
            "ipv6_ipam_pool_id": "",
            "ipv6_netmask_length": 0,
            "main_route_table_id": "rtb-0b7595eba522028c9",
            "owner_id": "661996226478",
            "tags": {
              "Location": "Bangalore",
              "Name": "IaC-demo-vpc"
            },
            "tags_all": {
              "Location": "Bangalore",
              "Name": "IaC-demo-vpc"
            }
          },
          "sensitive_attributes": [],
          "private": "eyJzY2hlbWFfdmVyc2lvbiI6IjEifQ=="
        }
      ]
    }
  ]
}
